
Microsoft Visual Studio Solution File, Format Version 12.00
# Visual Studio 14
VisualStudioVersion = 14.0.25420.1
MinimumVisualStudioVersion = 10.0.40219.1
Project("{FAE04EC0-301F-11D3-BF4B-00C04F79EFBC}") = "OpenWeatherApp.Droid", "OpenWeatherApp\OpenWeatherApp.Droid\OpenWeatherApp.Droid.csproj", "{4D51454F-BAA8-4F37-9317-5AEC8DBCF09D}"
EndProject
Project("{FAE04EC0-301F-11D3-BF4B-00C04F79EFBC}") = "OpenWeatherApp.iOS", "OpenWeatherApp\OpenWeatherApp.iOS\OpenWeatherApp.iOS.csproj", "{99D1D41E-B4C9-4039-8EB8-F3F38D7073C1}"
EndProject
Project("{FAE04EC0-301F-11D3-BF4B-00C04F79EFBC}") = "OpenWeatherApp.WinPhone", "OpenWeatherApp\OpenWeatherApp.WinPhone\OpenWeatherApp.WinPhone.csproj", "{EE4E3AF8-401E-469C-8315-C9EF31487693}"
EndProject
Project("{FAE04EC0-301F-11D3-BF4B-00C04F79EFBC}") = "OpenWeatherApp.UWP", "OpenWeatherApp\OpenWeatherApp.UWP\OpenWeatherApp.UWP.csproj", "{4FA20861-48D6-45F9-881E-44902462DD6B}"
EndProject
Project("{FAE04EC0-301F-11D3-BF4B-00C04F79EFBC}") = "OpenWeatherApp.Windows", "OpenWeatherApp\OpenWeatherApp.Windows\OpenWeatherApp.Windows.csproj", "{8175D700-8E17-4F04-83A6-D20B5DF8F134}"
EndProject
Project("{FAE04EC0-301F-11D3-BF4B-00C04F79EFBC}") = "OpenWeatherApp", "OpenWeatherApp\OpenWeatherApp\OpenWeatherApp.csproj", "{B1B6BFF5-BBFC-4540-A8DD-B772752D8C37}"
EndProject
Global
	GlobalSection(SolutionConfigurationPlatforms) = preSolution
		Ad-Hoc|Any CPU = Ad-Hoc|Any CPU
		Ad-Hoc|ARM = Ad-Hoc|ARM
		Ad-Hoc|iPhone = Ad-Hoc|iPhone
		Ad-Hoc|iPhoneSimulator = Ad-Hoc|iPhoneSimulator
		Ad-Hoc|x64 = Ad-Hoc|x64
		Ad-Hoc|x86 = Ad-Hoc|x86
		AppStore|Any CPU = AppStore|Any CPU
		AppStore|ARM = AppStore|ARM
		AppStore|iPhone = AppStore|iPhone
		AppStore|iPhoneSimulator = AppStore|iPhoneSimulator
		AppStore|x64 = AppStore|x64
		AppStore|x86 = AppStore|x86
		Debug|Any CPU = Debug|Any CPU
		Debug|ARM = Debug|ARM
		Debug|iPhone = Debug|iPhone
		Debug|iPhoneSimulator = Debug|iPhoneSimulator
		Debug|x64 = Debug|x64
		Debug|x86 = Debug|x86
		Release|Any CPU = Release|Any CPU
		Release|ARM = Release|ARM
		Release|iPhone = Release|iPhone
		Release|iPhoneSimulator = Release|iPhoneSimulator
		Release|x64 = Release|x64
		Release|x86 = Release|x86
	EndGlobalSection
	GlobalSection(ProjectConfigurationPlatforms) = postSolution
		{4D51454F-BAA8-4F37-9317-5AEC8DBCF09D}.Ad-Hoc|Any CPU.ActiveCfg = Release|Any CPU
		{4D51454F-BAA8-4F37-9317-5AEC8DBCF09D}.Ad-Hoc|Any CPU.Build.0 = Release|Any CPU
		{4D51454F-BAA8-4F37-9317-5AEC8DBCF09D}.Ad-Hoc|Any CPU.Deploy.0 = Release|Any CPU
		{4D51454F-BAA8-4F37-9317-5AEC8DBCF09D}.Ad-Hoc|ARM.ActiveCfg = Release|Any CPU
		{4D51454F-BAA8-4F37-9317-5AEC8DBCF09D}.Ad-Hoc|ARM.Build.0 = Release|Any CPU
		{4D51454F-BAA8-4F37-9317-5AEC8DBCF09D}.Ad-Hoc|ARM.Deploy.0 = Release|Any CPU
		{4D51454F-BAA8-4F37-9317-5AEC8DBCF09D}.Ad-Hoc|iPhone.ActiveCfg = Release|Any CPU
		{4D51454F-BAA8-4F37-9317-5AEC8DBCF09D}.Ad-Hoc|iPhone.Build.0 = Release|Any CPU
		{4D51454F-BAA8-4F37-9317-5AEC8DBCF09D}.Ad-Hoc|iPhone.Deploy.0 = Release|Any CPU
		{4D51454F-BAA8-4F37-9317-5AEC8DBCF09D}.Ad-Hoc|iPhoneSimulator.ActiveCfg = Release|Any CPU
		{4D51454F-BAA8-4F37-9317-5AEC8DBCF09D}.Ad-Hoc|iPhoneSimulator.Build.0 = Release|Any CPU
		{4D51454F-BAA8-4F37-9317-5AEC8DBCF09D}.Ad-Hoc|iPhoneSimulator.Deploy.0 = Release|Any CPU
		{4D51454F-BAA8-4F37-9317-5AEC8DBCF09D}.Ad-Hoc|x64.ActiveCfg = Release|Any CPU
		{4D51454F-BAA8-4F37-9317-5AEC8DBCF09D}.Ad-Hoc|x64.Build.0 = Release|Any CPU
		{4D51454F-BAA8-4F37-9317-5AEC8DBCF09D}.Ad-Hoc|x64.Deploy.0 = Release|Any CPU
		{4D51454F-BAA8-4F37-9317-5AEC8DBCF09D}.Ad-Hoc|x86.ActiveCfg = Release|Any CPU
		{4D51454F-BAA8-4F37-9317-5AEC8DBCF09D}.Ad-Hoc|x86.Build.0 = Release|Any CPU
		{4D51454F-BAA8-4F37-9317-5AEC8DBCF09D}.Ad-Hoc|x86.Deploy.0 = Release|Any CPU
		{4D51454F-BAA8-4F37-9317-5AEC8DBCF09D}.AppStore|Any CPU.ActiveCfg = Release|Any CPU
		{4D51454F-BAA8-4F37-9317-5AEC8DBCF09D}.AppStore|Any CPU.Build.0 = Release|Any CPU
		{4D51454F-BAA8-4F37-9317-5AEC8DBCF09D}.AppStore|Any CPU.Deploy.0 = Release|Any CPU
		{4D51454F-BAA8-4F37-9317-5AEC8DBCF09D}.AppStore|ARM.ActiveCfg = Release|Any CPU
		{4D51454F-BAA8-4F37-9317-5AEC8DBCF09D}.AppStore|ARM.Build.0 = Release|Any CPU
		{4D51454F-BAA8-4F37-9317-5AEC8DBCF09D}.AppStore|ARM.Deploy.0 = Release|Any CPU
		{4D51454F-BAA8-4F37-9317-5AEC8DBCF09D}.AppStore|iPhone.ActiveCfg = Release|Any CPU
		{4D51454F-BAA8-4F37-9317-5AEC8DBCF09D}.AppStore|iPhone.Build.0 = Release|Any CPU
		{4D51454F-BAA8-4F37-9317-5AEC8DBCF09D}.AppStore|iPhone.Deploy.0 = Release|Any CPU
		{4D51454F-BAA8-4F37-9317-5AEC8DBCF09D}.AppStore|iPhoneSimulator.ActiveCfg = Release|Any CPU
		{4D51454F-BAA8-4F37-9317-5AEC8DBCF09D}.AppStore|iPhoneSimulator.Build.0 = Release|Any CPU
		{4D51454F-BAA8-4F37-9317-5AEC8DBCF09D}.AppStore|iPhoneSimulator.Deploy.0 = Release|Any CPU
		{4D51454F-BAA8-4F37-9317-5AEC8DBCF09D}.AppStore|x64.ActiveCfg = Release|Any CPU
		{4D51454F-BAA8-4F37-9317-5AEC8DBCF09D}.AppStore|x64.Build.0 = Release|Any CPU
		{4D51454F-BAA8-4F37-9317-5AEC8DBCF09D}.AppStore|x64.Deploy.0 = Release|Any CPU
		{4D51454F-BAA8-4F37-9317-5AEC8DBCF09D}.AppStore|x86.ActiveCfg = Release|Any CPU
		{4D51454F-BAA8-4F37-9317-5AEC8DBCF09D}.AppStore|x86.Build.0 = Release|Any CPU
		{4D51454F-BAA8-4F37-9317-5AEC8DBCF09D}.AppStore|x86.Deploy.0 = Release|Any CPU
		{4D51454F-BAA8-4F37-9317-5AEC8DBCF09D}.Debug|Any CPU.ActiveCfg = Debug|Any CPU
		{4D51454F-BAA8-4F37-9317-5AEC8DBCF09D}.Debug|Any CPU.Build.0 = Debug|Any CPU
		{4D51454F-BAA8-4F37-9317-5AEC8DBCF09D}.Debug|Any CPU.Deploy.0 = Debug|Any CPU
		{4D51454F-BAA8-4F37-9317-5AEC8DBCF09D}.Debug|ARM.ActiveCfg = Debug|Any CPU
		{4D51454F-BAA8-4F37-9317-5AEC8DBCF09D}.Debug|ARM.Build.0 = Debug|Any CPU
		{4D51454F-BAA8-4F37-9317-5AEC8DBCF09D}.Debug|ARM.Deploy.0 = Debug|Any CPU
		{4D51454F-BAA8-4F37-9317-5AEC8DBCF09D}.Debug|iPhone.ActiveCfg = Debug|Any CPU
		{4D51454F-BAA8-4F37-9317-5AEC8DBCF09D}.Debug|iPhone.Build.0 = Debug|Any CPU
		{4D51454F-BAA8-4F37-9317-5AEC8DBCF09D}.Debug|iPhone.Deploy.0 = Debug|Any CPU
		{4D51454F-BAA8-4F37-9317-5AEC8DBCF09D}.Debug|iPhoneSimulator.ActiveCfg = Debug|Any CPU
		{4D51454F-BAA8-4F37-9317-5AEC8DBCF09D}.Debug|iPhoneSimulator.Build.0 = Debug|Any CPU
		{4D51454F-BAA8-4F37-9317-5AEC8DBCF09D}.Debug|iPhoneSimulator.Deploy.0 = Debug|Any CPU
		{4D51454F-BAA8-4F37-9317-5AEC8DBCF09D}.Debug|x64.ActiveCfg = Debug|Any CPU
		{4D51454F-BAA8-4F37-9317-5AEC8DBCF09D}.Debug|x64.Build.0 = Debug|Any CPU
		{4D51454F-BAA8-4F37-9317-5AEC8DBCF09D}.Debug|x64.Deploy.0 = Debug|Any CPU
		{4D51454F-BAA8-4F37-9317-5AEC8DBCF09D}.Debug|x86.ActiveCfg = Debug|Any CPU
		{4D51454F-BAA8-4F37-9317-5AEC8DBCF09D}.Debug|x86.Build.0 = Debug|Any CPU
		{4D51454F-BAA8-4F37-9317-5AEC8DBCF09D}.Debug|x86.Deploy.0 = Debug|Any CPU
		{4D51454F-BAA8-4F37-9317-5AEC8DBCF09D}.Release|Any CPU.ActiveCfg = Release|Any CPU
		{4D51454F-BAA8-4F37-9317-5AEC8DBCF09D}.Release|Any CPU.Build.0 = Release|Any CPU
		{4D51454F-BAA8-4F37-9317-5AEC8DBCF09D}.Release|Any CPU.Deploy.0 = Release|Any CPU
		{4D51454F-BAA8-4F37-9317-5AEC8DBCF09D}.Release|ARM.ActiveCfg = Release|Any CPU
		{4D51454F-BAA8-4F37-9317-5AEC8DBCF09D}.Release|ARM.Build.0 = Release|Any CPU
		{4D51454F-BAA8-4F37-9317-5AEC8DBCF09D}.Release|ARM.Deploy.0 = Release|Any CPU
		{4D51454F-BAA8-4F37-9317-5AEC8DBCF09D}.Release|iPhone.ActiveCfg = Release|Any CPU
		{4D51454F-BAA8-4F37-9317-5AEC8DBCF09D}.Release|iPhone.Build.0 = Release|Any CPU
		{4D51454F-BAA8-4F37-9317-5AEC8DBCF09D}.Release|iPhone.Deploy.0 = Release|Any CPU
		{4D51454F-BAA8-4F37-9317-5AEC8DBCF09D}.Release|iPhoneSimulator.ActiveCfg = Release|Any CPU
		{4D51454F-BAA8-4F37-9317-5AEC8DBCF09D}.Release|iPhoneSimulator.Build.0 = Release|Any CPU
		{4D51454F-BAA8-4F37-9317-5AEC8DBCF09D}.Release|iPhoneSimulator.Deploy.0 = Release|Any CPU
		{4D51454F-BAA8-4F37-9317-5AEC8DBCF09D}.Release|x64.ActiveCfg = Release|Any CPU
		{4D51454F-BAA8-4F37-9317-5AEC8DBCF09D}.Release|x64.Build.0 = Release|Any CPU
		{4D51454F-BAA8-4F37-9317-5AEC8DBCF09D}.Release|x64.Deploy.0 = Release|Any CPU
		{4D51454F-BAA8-4F37-9317-5AEC8DBCF09D}.Release|x86.ActiveCfg = Release|Any CPU
		{4D51454F-BAA8-4F37-9317-5AEC8DBCF09D}.Release|x86.Build.0 = Release|Any CPU
		{4D51454F-BAA8-4F37-9317-5AEC8DBCF09D}.Release|x86.Deploy.0 = Release|Any CPU
		{99D1D41E-B4C9-4039-8EB8-F3F38D7073C1}.Ad-Hoc|Any CPU.ActiveCfg = Ad-Hoc|iPhone
		{99D1D41E-B4C9-4039-8EB8-F3F38D7073C1}.Ad-Hoc|ARM.ActiveCfg = Ad-Hoc|iPhone
		{99D1D41E-B4C9-4039-8EB8-F3F38D7073C1}.Ad-Hoc|iPhone.ActiveCfg = Ad-Hoc|iPhone
		{99D1D41E-B4C9-4039-8EB8-F3F38D7073C1}.Ad-Hoc|iPhone.Build.0 = Ad-Hoc|iPhone
		{99D1D41E-B4C9-4039-8EB8-F3F38D7073C1}.Ad-Hoc|iPhoneSimulator.ActiveCfg = Ad-Hoc|iPhoneSimulator
		{99D1D41E-B4C9-4039-8EB8-F3F38D7073C1}.Ad-Hoc|iPhoneSimulator.Build.0 = Ad-Hoc|iPhoneSimulator
		{99D1D41E-B4C9-4039-8EB8-F3F38D7073C1}.Ad-Hoc|x64.ActiveCfg = Ad-Hoc|iPhone
		{99D1D41E-B4C9-4039-8EB8-F3F38D7073C1}.Ad-Hoc|x86.ActiveCfg = Ad-Hoc|iPhone
		{99D1D41E-B4C9-4039-8EB8-F3F38D7073C1}.AppStore|Any CPU.ActiveCfg = AppStore|iPhone
		{99D1D41E-B4C9-4039-8EB8-F3F38D7073C1}.AppStore|ARM.ActiveCfg = AppStore|iPhone
		{99D1D41E-B4C9-4039-8EB8-F3F38D7073C1}.AppStore|iPhone.ActiveCfg = AppStore|iPhone
		{99D1D41E-B4C9-4039-8EB8-F3F38D7073C1}.AppStore|iPhone.Build.0 = AppStore|iPhone
		{99D1D41E-B4C9-4039-8EB8-F3F38D7073C1}.AppStore|iPhoneSimulator.ActiveCfg = AppStore|iPhoneSimulator
		{99D1D41E-B4C9-4039-8EB8-F3F38D7073C1}.AppStore|iPhoneSimulator.Build.0 = AppStore|iPhoneSimulator
		{99D1D41E-B4C9-4039-8EB8-F3F38D7073C1}.AppStore|x64.ActiveCfg = AppStore|iPhone
		{99D1D41E-B4C9-4039-8EB8-F3F38D7073C1}.AppStore|x86.ActiveCfg = AppStore|iPhone
		{99D1D41E-B4C9-4039-8EB8-F3F38D7073C1}.Debug|Any CPU.ActiveCfg = Debug|iPhone
		{99D1D41E-B4C9-4039-8EB8-F3F38D7073C1}.Debug|ARM.ActiveCfg = Debug|iPhone
		{99D1D41E-B4C9-4039-8EB8-F3F38D7073C1}.Debug|iPhone.ActiveCfg = Debug|iPhone
		{99D1D41E-B4C9-4039-8EB8-F3F38D7073C1}.Debug|iPhone.Build.0 = Debug|iPhone
		{99D1D41E-B4C9-4039-8EB8-F3F38D7073C1}.Debug|iPhoneSimulator.ActiveCfg = Debug|iPhoneSimulator
		{99D1D41E-B4C9-4039-8EB8-F3F38D7073C1}.Debug|iPhoneSimulator.Build.0 = Debug|iPhoneSimulator
		{99D1D41E-B4C9-4039-8EB8-F3F38D7073C1}.Debug|x64.ActiveCfg = Debug|iPhone
		{99D1D41E-B4C9-4039-8EB8-F3F38D7073C1}.Debug|x86.ActiveCfg = Debug|iPhone
		{99D1D41E-B4C9-4039-8EB8-F3F38D7073C1}.Release|Any CPU.ActiveCfg = Release|iPhone
		{99D1D41E-B4C9-4039-8EB8-F3F38D7073C1}.Release|ARM.ActiveCfg = Release|iPhone
		{99D1D41E-B4C9-4039-8EB8-F3F38D7073C1}.Release|iPhone.ActiveCfg = Release|iPhone
		{99D1D41E-B4C9-4039-8EB8-F3F38D7073C1}.Release|iPhone.Build.0 = Release|iPhone
		{99D1D41E-B4C9-4039-8EB8-F3F38D7073C1}.Release|iPhoneSimulator.ActiveCfg = Release|iPhoneSimulator
		{99D1D41E-B4C9-4039-8EB8-F3F38D7073C1}.Release|iPhoneSimulator.Build.0 = Release|iPhoneSimulator
		{99D1D41E-B4C9-4039-8EB8-F3F38D7073C1}.Release|x64.ActiveCfg = Release|iPhone
		{99D1D41E-B4C9-4039-8EB8-F3F38D7073C1}.Release|x86.ActiveCfg = Release|iPhone
		{EE4E3AF8-401E-469C-8315-C9EF31487693}.Ad-Hoc|Any CPU.ActiveCfg = Release|Any CPU
		{EE4E3AF8-401E-469C-8315-C9EF31487693}.Ad-Hoc|Any CPU.Build.0 = Release|Any CPU
		{EE4E3AF8-401E-469C-8315-C9EF31487693}.Ad-Hoc|Any CPU.Deploy.0 = Release|Any CPU
		{EE4E3AF8-401E-469C-8315-C9EF31487693}.Ad-Hoc|ARM.ActiveCfg = Release|ARM
		{EE4E3AF8-401E-469C-8315-C9EF31487693}.Ad-Hoc|ARM.Build.0 = Release|ARM
		{EE4E3AF8-401E-469C-8315-C9EF31487693}.Ad-Hoc|ARM.Deploy.0 = Release|ARM
		{EE4E3AF8-401E-469C-8315-C9EF31487693}.Ad-Hoc|iPhone.ActiveCfg = Release|Any CPU
		{EE4E3AF8-401E-469C-8315-C9EF31487693}.Ad-Hoc|iPhone.Build.0 = Release|Any CPU
		{EE4E3AF8-401E-469C-8315-C9EF31487693}.Ad-Hoc|iPhone.Deploy.0 = Release|Any CPU
		{EE4E3AF8-401E-469C-8315-C9EF31487693}.Ad-Hoc|iPhoneSimulator.ActiveCfg = Release|Any CPU
		{EE4E3AF8-401E-469C-8315-C9EF31487693}.Ad-Hoc|iPhoneSimulator.Build.0 = Release|Any CPU
		{EE4E3AF8-401E-469C-8315-C9EF31487693}.Ad-Hoc|iPhoneSimulator.Deploy.0 = Release|Any CPU
		{EE4E3AF8-401E-469C-8315-C9EF31487693}.Ad-Hoc|x64.ActiveCfg = Release|Any CPU
		{EE4E3AF8-401E-469C-8315-C9EF31487693}.Ad-Hoc|x64.Build.0 = Release|Any CPU
		{EE4E3AF8-401E-469C-8315-C9EF31487693}.Ad-Hoc|x64.Deploy.0 = Release|Any CPU
		{EE4E3AF8-401E-469C-8315-C9EF31487693}.Ad-Hoc|x86.ActiveCfg = Release|x86
		{EE4E3AF8-401E-469C-8315-C9EF31487693}.Ad-Hoc|x86.Build.0 = Release|x86
		{EE4E3AF8-401E-469C-8315-C9EF31487693}.Ad-Hoc|x86.Deploy.0 = Release|x86
		{EE4E3AF8-401E-469C-8315-C9EF31487693}.AppStore|Any CPU.ActiveCfg = Release|Any CPU
		{EE4E3AF8-401E-469C-8315-C9EF31487693}.AppStore|Any CPU.Build.0 = Release|Any CPU
		{EE4E3AF8-401E-469C-8315-C9EF31487693}.AppStore|Any CPU.Deploy.0 = Release|Any CPU
		{EE4E3AF8-401E-469C-8315-C9EF31487693}.AppStore|ARM.ActiveCfg = Release|ARM
		{EE4E3AF8-401E-469C-8315-C9EF31487693}.AppStore|ARM.Build.0 = Release|ARM
		{EE4E3AF8-401E-469C-8315-C9EF31487693}.AppStore|ARM.Deploy.0 = Release|ARM
		{EE4E3AF8-401E-469C-8315-C9EF31487693}.AppStore|iPhone.ActiveCfg = Release|Any CPU
		{EE4E3AF8-401E-469C-8315-C9EF31487693}.AppStore|iPhone.Build.0 = Release|Any CPU
		{EE4E3AF8-401E-469C-8315-C9EF31487693}.AppStore|iPhone.Deploy.0 = Release|Any CPU
		{EE4E3AF8-401E-469C-8315-C9EF31487693}.AppStore|iPhoneSimulator.ActiveCfg = Release|Any CPU
		{EE4E3AF8-401E-469C-8315-C9EF31487693}.AppStore|iPhoneSimulator.Build.0 = Release|Any CPU
		{EE4E3AF8-401E-469C-8315-C9EF31487693}.AppStore|iPhoneSimulator.Deploy.0 = Release|Any CPU
		{EE4E3AF8-401E-469C-8315-C9EF31487693}.AppStore|x64.ActiveCfg = Release|Any CPU
		{EE4E3AF8-401E-469C-8315-C9EF31487693}.AppStore|x64.Build.0 = Release|Any CPU
		{EE4E3AF8-401E-469C-8315-C9EF31487693}.AppStore|x64.Deploy.0 = Release|Any CPU
		{EE4E3AF8-401E-469C-8315-C9EF31487693}.AppStore|x86.ActiveCfg = Release|x86
		{EE4E3AF8-401E-469C-8315-C9EF31487693}.AppStore|x86.Build.0 = Release|x86
		{EE4E3AF8-401E-469C-8315-C9EF31487693}.AppStore|x86.Deploy.0 = Release|x86
		{EE4E3AF8-401E-469C-8315-C9EF31487693}.Debug|Any CPU.ActiveCfg = Debug|Any CPU
		{EE4E3AF8-401E-469C-8315-C9EF31487693}.Debug|ARM.ActiveCfg = Debug|ARM
		{EE4E3AF8-401E-469C-8315-C9EF31487693}.Debug|ARM.Build.0 = Debug|ARM
		{EE4E3AF8-401E-469C-8315-C9EF31487693}.Debug|ARM.Deploy.0 = Debug|ARM
		{EE4E3AF8-401E-469C-8315-C9EF31487693}.Debug|iPhone.ActiveCfg = Debug|Any CPU
		{EE4E3AF8-401E-469C-8315-C9EF31487693}.Debug|iPhone.Build.0 = Debug|Any CPU
		{EE4E3AF8-401E-469C-8315-C9EF31487693}.Debug|iPhone.Deploy.0 = Debug|Any CPU
		{EE4E3AF8-401E-469C-8315-C9EF31487693}.Debug|iPhoneSimulator.ActiveCfg = Debug|Any CPU
		{EE4E3AF8-401E-469C-8315-C9EF31487693}.Debug|iPhoneSimulator.Build.0 = Debug|Any CPU
		{EE4E3AF8-401E-469C-8315-C9EF31487693}.Debug|iPhoneSimulator.Deploy.0 = Debug|Any CPU
		{EE4E3AF8-401E-469C-8315-C9EF31487693}.Debug|x64.ActiveCfg = Debug|Any CPU
		{EE4E3AF8-401E-469C-8315-C9EF31487693}.Debug|x64.Build.0 = Debug|Any CPU
		{EE4E3AF8-401E-469C-8315-C9EF31487693}.Debug|x64.Deploy.0 = Debug|Any CPU
		{EE4E3AF8-401E-469C-8315-C9EF31487693}.Debug|x86.ActiveCfg = Debug|x86
		{EE4E3AF8-401E-469C-8315-C9EF31487693}.Debug|x86.Build.0 = Debug|x86
		{EE4E3AF8-401E-469C-8315-C9EF31487693}.Debug|x86.Deploy.0 = Debug|x86
		{EE4E3AF8-401E-469C-8315-C9EF31487693}.Release|Any CPU.ActiveCfg = Release|Any CPU
		{EE4E3AF8-401E-469C-8315-C9EF31487693}.Release|Any CPU.Build.0 = Release|Any CPU
		{EE4E3AF8-401E-469C-8315-C9EF31487693}.Release|Any CPU.Deploy.0 = Release|Any CPU
		{EE4E3AF8-401E-469C-8315-C9EF31487693}.Release|ARM.ActiveCfg = Release|ARM
		{EE4E3AF8-401E-469C-8315-C9EF31487693}.Release|ARM.Build.0 = Release|ARM
		{EE4E3AF8-401E-469C-8315-C9EF31487693}.Release|ARM.Deploy.0 = Release|ARM
		{EE4E3AF8-401E-469C-8315-C9EF31487693}.Release|iPhone.ActiveCfg = Release|Any CPU
		{EE4E3AF8-401E-469C-8315-C9EF31487693}.Release|iPhone.Build.0 = Release|Any CPU
		{EE4E3AF8-401E-469C-8315-C9EF31487693}.Release|iPhone.Deploy.0 = Release|Any CPU
		{EE4E3AF8-401E-469C-8315-C9EF31487693}.Release|iPhoneSimulator.ActiveCfg = Release|Any CPU
		{EE4E3AF8-401E-469C-8315-C9EF31487693}.Release|iPhoneSimulator.Build.0 = Release|Any CPU
		{EE4E3AF8-401E-469C-8315-C9EF31487693}.Release|iPhoneSimulator.Deploy.0 = Release|Any CPU
		{EE4E3AF8-401E-469C-8315-C9EF31487693}.Release|x64.ActiveCfg = Release|Any CPU
		{EE4E3AF8-401E-469C-8315-C9EF31487693}.Release|x64.Build.0 = Release|Any CPU
		{EE4E3AF8-401E-469C-8315-C9EF31487693}.Release|x64.Deploy.0 = Release|Any CPU
		{EE4E3AF8-401E-469C-8315-C9EF31487693}.Release|x86.ActiveCfg = Release|x86
		{EE4E3AF8-401E-469C-8315-C9EF31487693}.Release|x86.Build.0 = Release|x86
		{EE4E3AF8-401E-469C-8315-C9EF31487693}.Release|x86.Deploy.0 = Release|x86
		{4FA20861-48D6-45F9-881E-44902462DD6B}.Ad-Hoc|Any CPU.ActiveCfg = Release|x86
		{4FA20861-48D6-45F9-881E-44902462DD6B}.Ad-Hoc|Any CPU.Build.0 = Release|x86
		{4FA20861-48D6-45F9-881E-44902462DD6B}.Ad-Hoc|Any CPU.Deploy.0 = Release|x86
		{4FA20861-48D6-45F9-881E-44902462DD6B}.Ad-Hoc|ARM.ActiveCfg = Release|ARM
		{4FA20861-48D6-45F9-881E-44902462DD6B}.Ad-Hoc|ARM.Build.0 = Release|ARM
		{4FA20861-48D6-45F9-881E-44902462DD6B}.Ad-Hoc|ARM.Deploy.0 = Release|ARM
		{4FA20861-48D6-45F9-881E-44902462DD6B}.Ad-Hoc|iPhone.ActiveCfg = Release|x86
		{4FA20861-48D6-45F9-881E-44902462DD6B}.Ad-Hoc|iPhone.Build.0 = Release|x86
		{4FA20861-48D6-45F9-881E-44902462DD6B}.Ad-Hoc|iPhone.Deploy.0 = Release|x86
		{4FA20861-48D6-45F9-881E-44902462DD6B}.Ad-Hoc|iPhoneSimulator.ActiveCfg = Release|x86
		{4FA20861-48D6-45F9-881E-44902462DD6B}.Ad-Hoc|iPhoneSimulator.Build.0 = Release|x86
		{4FA20861-48D6-45F9-881E-44902462DD6B}.Ad-Hoc|iPhoneSimulator.Deploy.0 = Release|x86
		{4FA20861-48D6-45F9-881E-44902462DD6B}.Ad-Hoc|x64.ActiveCfg = Release|x64
		{4FA20861-48D6-45F9-881E-44902462DD6B}.Ad-Hoc|x64.Build.0 = Release|x64
		{4FA20861-48D6-45F9-881E-44902462DD6B}.Ad-Hoc|x64.Deploy.0 = Release|x64
		{4FA20861-48D6-45F9-881E-44902462DD6B}.Ad-Hoc|x86.ActiveCfg = Release|x86
		{4FA20861-48D6-45F9-881E-44902462DD6B}.Ad-Hoc|x86.Build.0 = Release|x86
		{4FA20861-48D6-45F9-881E-44902462DD6B}.Ad-Hoc|x86.Deploy.0 = Release|x86
		{4FA20861-48D6-45F9-881E-44902462DD6B}.AppStore|Any CPU.ActiveCfg = Release|x86
		{4FA20861-48D6-45F9-881E-44902462DD6B}.AppStore|Any CPU.Build.0 = Release|x86
		{4FA20861-48D6-45F9-881E-44902462DD6B}.AppStore|Any CPU.Deploy.0 = Release|x86
		{4FA20861-48D6-45F9-881E-44902462DD6B}.AppStore|ARM.ActiveCfg = Release|ARM
		{4FA20861-48D6-45F9-881E-44902462DD6B}.AppStore|ARM.Build.0 = Release|ARM
		{4FA20861-48D6-45F9-881E-44902462DD6B}.AppStore|ARM.Deploy.0 = Release|ARM
		{4FA20861-48D6-45F9-881E-44902462DD6B}.AppStore|iPhone.ActiveCfg = Release|x86
		{4FA20861-48D6-45F9-881E-44902462DD6B}.AppStore|iPhone.Build.0 = Release|x86
		{4FA20861-48D6-45F9-881E-44902462DD6B}.AppStore|iPhone.Deploy.0 = Release|x86
		{4FA20861-48D6-45F9-881E-44902462DD6B}.AppStore|iPhoneSimulator.ActiveCfg = Release|x86
		{4FA20861-48D6-45F9-881E-44902462DD6B}.AppStore|iPhoneSimulator.Build.0 = Release|x86
		{4FA20861-48D6-45F9-881E-44902462DD6B}.AppStore|iPhoneSimulator.Deploy.0 = Release|x86
		{4FA20861-48D6-45F9-881E-44902462DD6B}.AppStore|x64.ActiveCfg = Release|x64
		{4FA20861-48D6-45F9-881E-44902462DD6B}.AppStore|x64.Build.0 = Release|x64
		{4FA20861-48D6-45F9-881E-44902462DD6B}.AppStore|x64.Deploy.0 = Release|x64
		{4FA20861-48D6-45F9-881E-44902462DD6B}.AppStore|x86.ActiveCfg = Release|x86
		{4FA20861-48D6-45F9-881E-44902462DD6B}.AppStore|x86.Build.0 = Release|x86
		{4FA20861-48D6-45F9-881E-44902462DD6B}.AppStore|x86.Deploy.0 = Release|x86
		{4FA20861-48D6-45F9-881E-44902462DD6B}.Debug|Any CPU.ActiveCfg = Debug|x86
		{4FA20861-48D6-45F9-881E-44902462DD6B}.Debug|ARM.ActiveCfg = Debug|ARM
		{4FA20861-48D6-45F9-881E-44902462DD6B}.Debug|ARM.Build.0 = Debug|ARM
		{4FA20861-48D6-45F9-881E-44902462DD6B}.Debug|ARM.Deploy.0 = Debug|ARM
		{4FA20861-48D6-45F9-881E-44902462DD6B}.Debug|iPhone.ActiveCfg = Debug|x86
		{4FA20861-48D6-45F9-881E-44902462DD6B}.Debug|iPhoneSimulator.ActiveCfg = Debug|x86
		{4FA20861-48D6-45F9-881E-44902462DD6B}.Debug|x64.ActiveCfg = Debug|x64
		{4FA20861-48D6-45F9-881E-44902462DD6B}.Debug|x64.Build.0 = Debug|x64
		{4FA20861-48D6-45F9-881E-44902462DD6B}.Debug|x64.Deploy.0 = Debug|x64
		{4FA20861-48D6-45F9-881E-44902462DD6B}.Debug|x86.ActiveCfg = Debug|x86
		{4FA20861-48D6-45F9-881E-44902462DD6B}.Debug|x86.Build.0 = Debug|x86
		{4FA20861-48D6-45F9-881E-44902462DD6B}.Debug|x86.Deploy.0 = Debug|x86
		{4FA20861-48D6-45F9-881E-44902462DD6B}.Release|Any CPU.ActiveCfg = Release|x86
		{4FA20861-48D6-45F9-881E-44902462DD6B}.Release|ARM.ActiveCfg = Release|ARM
		{4FA20861-48D6-45F9-881E-44902462DD6B}.Release|ARM.Build.0 = Release|ARM
		{4FA20861-48D6-45F9-881E-44902462DD6B}.Release|ARM.Deploy.0 = Release|ARM
		{4FA20861-48D6-45F9-881E-44902462DD6B}.Release|iPhone.ActiveCfg = Release|x86
		{4FA20861-48D6-45F9-881E-44902462DD6B}.Release|iPhoneSimulator.ActiveCfg = Release|x86
		{4FA20861-48D6-45F9-881E-44902462DD6B}.Release|x64.ActiveCfg = Release|x64
		{4FA20861-48D6-45F9-881E-44902462DD6B}.Release|x64.Build.0 = Release|x64
		{4FA20861-48D6-45F9-881E-44902462DD6B}.Release|x64.Deploy.0 = Release|x64
		{4FA20861-48D6-45F9-881E-44902462DD6B}.Release|x86.ActiveCfg = Release|x86
		{4FA20861-48D6-45F9-881E-44902462DD6B}.Release|x86.Build.0 = Release|x86
		{4FA20861-48D6-45F9-881E-44902462DD6B}.Release|x86.Deploy.0 = Release|x86
		{8175D700-8E17-4F04-83A6-D20B5DF8F134}.Ad-Hoc|Any CPU.ActiveCfg = Release|Any CPU
		{8175D700-8E17-4F04-83A6-D20B5DF8F134}.Ad-Hoc|Any CPU.Build.0 = Release|Any CPU
		{8175D700-8E17-4F04-83A6-D20B5DF8F134}.Ad-Hoc|Any CPU.Deploy.0 = Release|Any CPU
		{8175D700-8E17-4F04-83A6-D20B5DF8F134}.Ad-Hoc|ARM.ActiveCfg = Release|ARM
		{8175D700-8E17-4F04-83A6-D20B5DF8F134}.Ad-Hoc|ARM.Build.0 = Release|ARM
		{8175D700-8E17-4F04-83A6-D20B5DF8F134}.Ad-Hoc|ARM.Deploy.0 = Release|ARM
		{8175D700-8E17-4F04-83A6-D20B5DF8F134}.Ad-Hoc|iPhone.ActiveCfg = Release|Any CPU
		{8175D700-8E17-4F04-83A6-D20B5DF8F134}.Ad-Hoc|iPhone.Build.0 = Release|Any CPU
		{8175D700-8E17-4F04-83A6-D20B5DF8F134}.Ad-Hoc|iPhone.Deploy.0 = Release|Any CPU
		{8175D700-8E17-4F04-83A6-D20B5DF8F134}.Ad-Hoc|iPhoneSimulator.ActiveCfg = Release|Any CPU
		{8175D700-8E17-4F04-83A6-D20B5DF8F134}.Ad-Hoc|iPhoneSimulator.Build.0 = Release|Any CPU
		{8175D700-8E17-4F04-83A6-D20B5DF8F134}.Ad-Hoc|iPhoneSimulator.Deploy.0 = Release|Any CPU
		{8175D700-8E17-4F04-83A6-D20B5DF8F134}.Ad-Hoc|x64.ActiveCfg = Release|x64
		{8175D700-8E17-4F04-83A6-D20B5DF8F134}.Ad-Hoc|x64.Build.0 = Release|x64
		{8175D700-8E17-4F04-83A6-D20B5DF8F134}.Ad-Hoc|x64.Deploy.0 = Release|x64
		{8175D700-8E17-4F04-83A6-D20B5DF8F134}.Ad-Hoc|x86.ActiveCfg = Release|x86
		{8175D700-8E17-4F04-83A6-D20B5DF8F134}.Ad-Hoc|x86.Build.0 = Release|x86
		{8175D700-8E17-4F04-83A6-D20B5DF8F134}.Ad-Hoc|x86.Deploy.0 = Release|x86
		{8175D700-8E17-4F04-83A6-D20B5DF8F134}.AppStore|Any CPU.ActiveCfg = Release|Any CPU
		{8175D700-8E17-4F04-83A6-D20B5DF8F134}.AppStore|Any CPU.Build.0 = Release|Any CPU
		{8175D700-8E17-4F04-83A6-D20B5DF8F134}.AppStore|Any CPU.Deploy.0 = Release|Any CPU
		{8175D700-8E17-4F04-83A6-D20B5DF8F134}.AppStore|ARM.ActiveCfg = Release|ARM
		{8175D700-8E17-4F04-83A6-D20B5DF8F134}.AppStore|ARM.Build.0 = Release|ARM
		{8175D700-8E17-4F04-83A6-D20B5DF8F134}.AppStore|ARM.Deploy.0 = Release|ARM
		{8175D700-8E17-4F04-83A6-D20B5DF8F134}.AppStore|iPhone.ActiveCfg = Release|Any CPU
		{8175D700-8E17-4F04-83A6-D20B5DF8F134}.AppStore|iPhone.Build.0 = Release|Any CPU
		{8175D700-8E17-4F04-83A6-D20B5DF8F134}.AppStore|iPhone.Deploy.0 = Release|Any CPU
		{8175D700-8E17-4F04-83A6-D20B5DF8F134}.AppStore|iPhoneSimulator.ActiveCfg = Release|Any CPU
		{8175D700-8E17-4F04-83A6-D20B5DF8F134}.AppStore|iPhoneSimulator.Build.0 = Release|Any CPU
		{8175D700-8E17-4F04-83A6-D20B5DF8F134}.AppStore|iPhoneSimulator.Deploy.0 = Release|Any CPU
		{8175D700-8E17-4F04-83A6-D20B5DF8F134}.AppStore|x64.ActiveCfg = Release|x64
		{8175D700-8E17-4F04-83A6-D20B5DF8F134}.AppStore|x64.Build.0 = Release|x64
		{8175D700-8E17-4F04-83A6-D20B5DF8F134}.AppStore|x64.Deploy.0 = Release|x64
		{8175D700-8E17-4F04-83A6-D20B5DF8F134}.AppStore|x86.ActiveCfg = Release|x86
		{8175D700-8E17-4F04-83A6-D20B5DF8F134}.AppStore|x86.Build.0 = Release|x86
		{8175D700-8E17-4F04-83A6-D20B5DF8F134}.AppStore|x86.Deploy.0 = Release|x86
		{8175D700-8E17-4F04-83A6-D20B5DF8F134}.Debug|Any CPU.ActiveCfg = Debug|Any CPU
		{8175D700-8E17-4F04-83A6-D20B5DF8F134}.Debug|ARM.ActiveCfg = Debug|ARM
		{8175D700-8E17-4F04-83A6-D20B5DF8F134}.Debug|ARM.Build.0 = Debug|ARM
		{8175D700-8E17-4F04-83A6-D20B5DF8F134}.Debug|ARM.Deploy.0 = Debug|ARM
		{8175D700-8E17-4F04-83A6-D20B5DF8F134}.Debug|iPhone.ActiveCfg = Debug|Any CPU
		{8175D700-8E17-4F04-83A6-D20B5DF8F134}.Debug|iPhone.Build.0 = Debug|Any CPU
		{8175D700-8E17-4F04-83A6-D20B5DF8F134}.Debug|iPhone.Deploy.0 = Debug|Any CPU
		{8175D700-8E17-4F04-83A6-D20B5DF8F134}.Debug|iPhoneSimulator.ActiveCfg = Debug|Any CPU
		{8175D700-8E17-4F04-83A6-D20B5DF8F134}.Debug|iPhoneSimulator.Build.0 = Debug|Any CPU
		{8175D700-8E17-4F04-83A6-D20B5DF8F134}.Debug|iPhoneSimulator.Deploy.0 = Debug|Any CPU
		{8175D700-8E17-4F04-83A6-D20B5DF8F134}.Debug|x64.ActiveCfg = Debug|x64
		{8175D700-8E17-4F04-83A6-D20B5DF8F134}.Debug|x64.Build.0 = Debug|x64
		{8175D700-8E17-4F04-83A6-D20B5DF8F134}.Debug|x64.Deploy.0 = Debug|x64
		{8175D700-8E17-4F04-83A6-D20B5DF8F134}.Debug|x86.ActiveCfg = Debug|x86
		{8175D700-8E17-4F04-83A6-D20B5DF8F134}.Debug|x86.Build.0 = Debug|x86
		{8175D700-8E17-4F04-83A6-D20B5DF8F134}.Debug|x86.Deploy.0 = Debug|x86
		{8175D700-8E17-4F04-83A6-D20B5DF8F134}.Release|Any CPU.ActiveCfg = Release|Any CPU
		{8175D700-8E17-4F04-83A6-D20B5DF8F134}.Release|Any CPU.Build.0 = Release|Any CPU
		{8175D700-8E17-4F04-83A6-D20B5DF8F134}.Release|Any CPU.Deploy.0 = Release|Any CPU
		{8175D700-8E17-4F04-83A6-D20B5DF8F134}.Release|ARM.ActiveCfg = Release|ARM
		{8175D700-8E17-4F04-83A6-D20B5DF8F134}.Release|ARM.Build.0 = Release|ARM
		{8175D700-8E17-4F04-83A6-D20B5DF8F134}.Release|ARM.Deploy.0 = Release|ARM
		{8175D700-8E17-4F04-83A6-D20B5DF8F134}.Release|iPhone.ActiveCfg = Release|Any CPU
		{8175D700-8E17-4F04-83A6-D20B5DF8F134}.Release|iPhone.Build.0 = Release|Any CPU
		{8175D700-8E17-4F04-83A6-D20B5DF8F134}.Release|iPhone.Deploy.0 = Release|Any CPU
		{8175D700-8E17-4F04-83A6-D20B5DF8F134}.Release|iPhoneSimulator.ActiveCfg = Release|Any CPU
		{8175D700-8E17-4F04-83A6-D20B5DF8F134}.Release|iPhoneSimulator.Build.0 = Release|Any CPU
		{8175D700-8E17-4F04-83A6-D20B5DF8F134}.Release|iPhoneSimulator.Deploy.0 = Release|Any CPU
		{8175D700-8E17-4F04-83A6-D20B5DF8F134}.Release|x64.ActiveCfg = Release|x64
		{8175D700-8E17-4F04-83A6-D20B5DF8F134}.Release|x64.Build.0 = Release|x64
		{8175D700-8E17-4F04-83A6-D20B5DF8F134}.Release|x64.Deploy.0 = Release|x64
		{8175D700-8E17-4F04-83A6-D20B5DF8F134}.Release|x86.ActiveCfg = Release|x86
		{8175D700-8E17-4F04-83A6-D20B5DF8F134}.Release|x86.Build.0 = Release|x86
		{8175D700-8E17-4F04-83A6-D20B5DF8F134}.Release|x86.Deploy.0 = Release|x86
		{B1B6BFF5-BBFC-4540-A8DD-B772752D8C37}.Ad-Hoc|Any CPU.ActiveCfg = Release|Any CPU
		{B1B6BFF5-BBFC-4540-A8DD-B772752D8C37}.Ad-Hoc|Any CPU.Build.0 = Release|Any CPU
		{B1B6BFF5-BBFC-4540-A8DD-B772752D8C37}.Ad-Hoc|ARM.ActiveCfg = Release|Any CPU
		{B1B6BFF5-BBFC-4540-A8DD-B772752D8C37}.Ad-Hoc|ARM.Build.0 = Release|Any CPU
		{B1B6BFF5-BBFC-4540-A8DD-B772752D8C37}.Ad-Hoc|iPhone.ActiveCfg = Release|Any CPU
		{B1B6BFF5-BBFC-4540-A8DD-B772752D8C37}.Ad-Hoc|iPhone.Build.0 = Release|Any CPU
		{B1B6BFF5-BBFC-4540-A8DD-B772752D8C37}.Ad-Hoc|iPhoneSimulator.ActiveCfg = Release|Any CPU
		{B1B6BFF5-BBFC-4540-A8DD-B772752D8C37}.Ad-Hoc|iPhoneSimulator.Build.0 = Release|Any CPU
		{B1B6BFF5-BBFC-4540-A8DD-B772752D8C37}.Ad-Hoc|x64.ActiveCfg = Release|Any CPU
		{B1B6BFF5-BBFC-4540-A8DD-B772752D8C37}.Ad-Hoc|x64.Build.0 = Release|Any CPU
		{B1B6BFF5-BBFC-4540-A8DD-B772752D8C37}.Ad-Hoc|x86.ActiveCfg = Release|Any CPU
		{B1B6BFF5-BBFC-4540-A8DD-B772752D8C37}.Ad-Hoc|x86.Build.0 = Release|Any CPU
		{B1B6BFF5-BBFC-4540-A8DD-B772752D8C37}.AppStore|Any CPU.ActiveCfg = Release|Any CPU
		{B1B6BFF5-BBFC-4540-A8DD-B772752D8C37}.AppStore|Any CPU.Build.0 = Release|Any CPU
		{B1B6BFF5-BBFC-4540-A8DD-B772752D8C37}.AppStore|ARM.ActiveCfg = Release|Any CPU
		{B1B6BFF5-BBFC-4540-A8DD-B772752D8C37}.AppStore|ARM.Build.0 = Release|Any CPU
		{B1B6BFF5-BBFC-4540-A8DD-B772752D8C37}.AppStore|iPhone.ActiveCfg = Release|Any CPU
		{B1B6BFF5-BBFC-4540-A8DD-B772752D8C37}.AppStore|iPhone.Build.0 = Release|Any CPU
		{B1B6BFF5-BBFC-4540-A8DD-B772752D8C37}.AppStore|iPhoneSimulator.ActiveCfg = Release|Any CPU
		{B1B6BFF5-BBFC-4540-A8DD-B772752D8C37}.AppStore|iPhoneSimulator.Build.0 = Release|Any CPU
		{B1B6BFF5-BBFC-4540-A8DD-B772752D8C37}.AppStore|x64.ActiveCfg = Release|Any CPU
		{B1B6BFF5-BBFC-4540-A8DD-B772752D8C37}.AppStore|x64.Build.0 = Release|Any CPU
		{B1B6BFF5-BBFC-4540-A8DD-B772752D8C37}.AppStore|x86.ActiveCfg = Release|Any CPU
		{B1B6BFF5-BBFC-4540-A8DD-B772752D8C37}.AppStore|x86.Build.0 = Release|Any CPU
		{B1B6BFF5-BBFC-4540-A8DD-B772752D8C37}.Debug|Any CPU.ActiveCfg = Debug|Any CPU
		{B1B6BFF5-BBFC-4540-A8DD-B772752D8C37}.Debug|Any CPU.Build.0 = Debug|Any CPU
		{B1B6BFF5-BBFC-4540-A8DD-B772752D8C37}.Debug|ARM.ActiveCfg = Debug|Any CPU
		{B1B6BFF5-BBFC-4540-A8DD-B772752D8C37}.Debug|ARM.Build.0 = Debug|Any CPU
		{B1B6BFF5-BBFC-4540-A8DD-B772752D8C37}.Debug|iPhone.ActiveCfg = Debug|Any CPU
		{B1B6BFF5-BBFC-4540-A8DD-B772752D8C37}.Debug|iPhone.Build.0 = Debug|Any CPU
		{B1B6BFF5-BBFC-4540-A8DD-B772752D8C37}.Debug|iPhoneSimulator.ActiveCfg = Debug|Any CPU
		{B1B6BFF5-BBFC-4540-A8DD-B772752D8C37}.Debug|iPhoneSimulator.Build.0 = Debug|Any CPU
		{B1B6BFF5-BBFC-4540-A8DD-B772752D8C37}.Debug|x64.ActiveCfg = Debug|Any CPU
		{B1B6BFF5-BBFC-4540-A8DD-B772752D8C37}.Debug|x64.Build.0 = Debug|Any CPU
		{B1B6BFF5-BBFC-4540-A8DD-B772752D8C37}.Debug|x86.ActiveCfg = Debug|Any CPU
		{B1B6BFF5-BBFC-4540-A8DD-B772752D8C37}.Debug|x86.Build.0 = Debug|Any CPU
		{B1B6BFF5-BBFC-4540-A8DD-B772752D8C37}.Release|Any CPU.ActiveCfg = Release|Any CPU
		{B1B6BFF5-BBFC-4540-A8DD-B772752D8C37}.Release|Any CPU.Build.0 = Release|Any CPU
		{B1B6BFF5-BBFC-4540-A8DD-B772752D8C37}.Release|ARM.ActiveCfg = Release|Any CPU
		{B1B6BFF5-BBFC-4540-A8DD-B772752D8C37}.Release|ARM.Build.0 = Release|Any CPU
		{B1B6BFF5-BBFC-4540-A8DD-B772752D8C37}.Release|iPhone.ActiveCfg = Release|Any CPU
		{B1B6BFF5-BBFC-4540-A8DD-B772752D8C37}.Release|iPhone.Build.0 = Release|Any CPU
		{B1B6BFF5-BBFC-4540-A8DD-B772752D8C37}.Release|iPhoneSimulator.ActiveCfg = Release|Any CPU
		{B1B6BFF5-BBFC-4540-A8DD-B772752D8C37}.Release|iPhoneSimulator.Build.0 = Release|Any CPU
		{B1B6BFF5-BBFC-4540-A8DD-B772752D8C37}.Release|x64.ActiveCfg = Release|Any CPU
		{B1B6BFF5-BBFC-4540-A8DD-B772752D8C37}.Release|x64.Build.0 = Release|Any CPU
		{B1B6BFF5-BBFC-4540-A8DD-B772752D8C37}.Release|x86.ActiveCfg = Release|Any CPU
		{B1B6BFF5-BBFC-4540-A8DD-B772752D8C37}.Release|x86.Build.0 = Release|Any CPU
	EndGlobalSection
	GlobalSection(SolutionProperties) = preSolution
		HideSolutionNode = FALSE
	EndGlobalSection
EndGlobal
